# This file is autogenerated, do not edit; changes may be undone by the next 'dep ensure'.


[[projects]]
  branch = "master"
  digest = "1:52d50aa65fbe0a39c8bd5179218909748df5acee4d8eb9df2eb40403fbbdefed"
  name = "github.com/Mikhalevich/argparser"
  packages = ["."]
  pruneopts = "UT"
  revision = "518e0f794423a3740d2e679ee2672557b96df716"

[[projects]]
  branch = "master"
  digest = "1:55386a9415afb9ebe2649f0aa66688cb857fb7b3bbcdba59e43290f74b7cbe00"
  name = "github.com/Mikhalevich/downloader"
  packages = ["."]
  pruneopts = "UT"
  revision = "f4d1ac6f9f371086c8390d7d944384f38ba1086f"

[[projects]]
  branch = "master"
  digest = "1:fc801641616b7c97c98f64b600d8833856d23153fd9d938c833fab37d0109c1f"
  name = "github.com/Mikhalevich/jober"
  packages = ["."]
  pruneopts = "UT"
  revision = "41ba695b81aa52103b9d9e4ad6c1bccc6228d8f3"

[[projects]]
  branch = "master"
  digest = "1:c6c79ec95610b0f34622e71d0058bf62c8d60e4bf6a3322871285bb3f67a3394"
  name = "github.com/Mikhalevich/pbw"
  packages = ["."]
  pruneopts = "UT"
  revision = "1ecfb883e6c073ad6ac3029a4778b378be75957c"

[[projects]]
  digest = "1:0356f3312c9bd1cbeda81505b7fd437501d8e778ab66998ef69f00d7f9b3a0d7"
  name = "github.com/mattn/go-runewidth"
  packages = ["."]
  pruneopts = "UT"
  revision = "3ee7d812e62a0804a7d0a324e0249ca2db3476d3"
  version = "v0.0.4"

[[projects]]
  branch = "master"
  digest = "1:3e01c69b34e7c3fa4b7a118ca95a6beaecea00f7f4fb701545d83eacd3badb3c"
  name = "golang.org/x/sys"
  packages = ["unix"]
  pruneopts = "UT"
  revision = "b44545bcd369ef9ff9bebcfebf5f3370ef9b1932"

[[projects]]
  digest = "1:d219400f09c151f0ada918bab650ef46f7ebdb1ff4fea923fdcb839481ec7ec1"
  name = "gopkg.in/cheggaaa/pb.v1"
  packages = ["."]
  pruneopts = "UT"
  revision = "f907f6f5dd81f77c2bbc1cde92e4c5a04720cb11"
  version = "v1.0.28"

[solve-meta]
  analyzer-name = "dep"
  analyzer-version = 1
  input-imports = [
    "github.com/Mikhalevich/argparser",
    "github.com/Mikhalevich/downloader",
    "github.com/Mikhalevich/pbw",
  ]
  solver-name = "gps-cdcl"
  solver-version = 1
